{
    "_meta": {
        "hash": {
            "sha256": "8c1c93ca1f70cc03b78b63514a6d8e6c2c845a76454b7829e0c9f6af8e4e7e8c"
        },
        "pipfile-spec": 6,
        "requires": {
            "python_version": "3.12"
        },
        "sources": [
            {
                "name": "pypi",
                "url": "https://pypi.org/simple",
                "verify_ssl": true
            }
        ]
    },
    "default": {},
    "develop": {}
}
